
Microsoft Visual Studio Solution File, Format Version 12.00
# Visual Studio 14
VisualStudioVersion = 14.0.24720.0
MinimumVisualStudioVersion = 10.0.40219.1
Project("{FAE04EC0-301F-11D3-BF4B-00C04F79EFBC}") = "IkaSimulator.Droid", "IkaSimulator\IkaSimulator.Droid\IkaSimulator.Droid.csproj", "{B4871B3F-35A6-4AF8-A7AA-38AF35B638FC}"
EndProject
Project("{FAE04EC0-301F-11D3-BF4B-00C04F79EFBC}") = "IkaSimulator.iOS", "IkaSimulator\IkaSimulator.iOS\IkaSimulator.iOS.csproj", "{6639F75A-4A24-4555-A8D5-EB0B5A07EC60}"
EndProject
Project("{FAE04EC0-301F-11D3-BF4B-00C04F79EFBC}") = "IkaSimulator.WinPhone", "IkaSimulator\IkaSimulator.WinPhone\IkaSimulator.WinPhone.csproj", "{5036746B-88AF-48F0-B38E-31F12466D94D}"
EndProject
Project("{D954291E-2A0B-460D-934E-DC6B0785DB48}") = "IkaSimulator", "IkaSimulator\IkaSimulator\IkaSimulator.shproj", "{4107E409-DD87-4E70-BB07-AA4940374F16}"
EndProject
Global
	GlobalSection(SharedMSBuildProjectFiles) = preSolution
		IkaSimulator\IkaSimulator\IkaSimulator.projitems*{b4871b3f-35a6-4af8-a7aa-38af35b638fc}*SharedItemsImports = 4
		IkaSimulator\IkaSimulator\IkaSimulator.projitems*{6639f75a-4a24-4555-a8d5-eb0b5a07ec60}*SharedItemsImports = 4
		IkaSimulator\IkaSimulator\IkaSimulator.projitems*{5036746b-88af-48f0-b38e-31f12466d94d}*SharedItemsImports = 4
		IkaSimulator\IkaSimulator\IkaSimulator.projitems*{4107e409-dd87-4e70-bb07-aa4940374f16}*SharedItemsImports = 13
	EndGlobalSection
	GlobalSection(SolutionConfigurationPlatforms) = preSolution
		AppStore|Any CPU = AppStore|Any CPU
		AppStore|ARM = AppStore|ARM
		AppStore|iPhone = AppStore|iPhone
		AppStore|iPhoneSimulator = AppStore|iPhoneSimulator
		AppStore|Mixed Platforms = AppStore|Mixed Platforms
		AppStore|x86 = AppStore|x86
		Debug|Any CPU = Debug|Any CPU
		Debug|ARM = Debug|ARM
		Debug|iPhone = Debug|iPhone
		Debug|iPhoneSimulator = Debug|iPhoneSimulator
		Debug|Mixed Platforms = Debug|Mixed Platforms
		Debug|x86 = Debug|x86
		Release|Any CPU = Release|Any CPU
		Release|ARM = Release|ARM
		Release|iPhone = Release|iPhone
		Release|iPhoneSimulator = Release|iPhoneSimulator
		Release|Mixed Platforms = Release|Mixed Platforms
		Release|x86 = Release|x86
	EndGlobalSection
	GlobalSection(ProjectConfigurationPlatforms) = postSolution
		{B4871B3F-35A6-4AF8-A7AA-38AF35B638FC}.AppStore|Any CPU.ActiveCfg = Release|Any CPU
		{B4871B3F-35A6-4AF8-A7AA-38AF35B638FC}.AppStore|Any CPU.Build.0 = Release|Any CPU
		{B4871B3F-35A6-4AF8-A7AA-38AF35B638FC}.AppStore|Any CPU.Deploy.0 = Release|Any CPU
		{B4871B3F-35A6-4AF8-A7AA-38AF35B638FC}.AppStore|ARM.ActiveCfg = Release|Any CPU
		{B4871B3F-35A6-4AF8-A7AA-38AF35B638FC}.AppStore|iPhone.ActiveCfg = Release|Any CPU
		{B4871B3F-35A6-4AF8-A7AA-38AF35B638FC}.AppStore|iPhoneSimulator.ActiveCfg = Release|Any CPU
		{B4871B3F-35A6-4AF8-A7AA-38AF35B638FC}.AppStore|Mixed Platforms.ActiveCfg = Release|Any CPU
		{B4871B3F-35A6-4AF8-A7AA-38AF35B638FC}.AppStore|Mixed Platforms.Build.0 = Release|Any CPU
		{B4871B3F-35A6-4AF8-A7AA-38AF35B638FC}.AppStore|Mixed Platforms.Deploy.0 = Release|Any CPU
		{B4871B3F-35A6-4AF8-A7AA-38AF35B638FC}.AppStore|x86.ActiveCfg = Release|Any CPU
		{B4871B3F-35A6-4AF8-A7AA-38AF35B638FC}.Debug|Any CPU.ActiveCfg = Debug|Any CPU
		{B4871B3F-35A6-4AF8-A7AA-38AF35B638FC}.Debug|Any CPU.Build.0 = Debug|Any CPU
		{B4871B3F-35A6-4AF8-A7AA-38AF35B638FC}.Debug|Any CPU.Deploy.0 = Debug|Any CPU
		{B4871B3F-35A6-4AF8-A7AA-38AF35B638FC}.Debug|ARM.ActiveCfg = Debug|Any CPU
		{B4871B3F-35A6-4AF8-A7AA-38AF35B638FC}.Debug|iPhone.ActiveCfg = Debug|Any CPU
		{B4871B3F-35A6-4AF8-A7AA-38AF35B638FC}.Debug|iPhoneSimulator.ActiveCfg = Debug|Any CPU
		{B4871B3F-35A6-4AF8-A7AA-38AF35B638FC}.Debug|Mixed Platforms.ActiveCfg = Debug|Any CPU
		{B4871B3F-35A6-4AF8-A7AA-38AF35B638FC}.Debug|Mixed Platforms.Build.0 = Debug|Any CPU
		{B4871B3F-35A6-4AF8-A7AA-38AF35B638FC}.Debug|Mixed Platforms.Deploy.0 = Debug|Any CPU
		{B4871B3F-35A6-4AF8-A7AA-38AF35B638FC}.Debug|x86.ActiveCfg = Debug|Any CPU
		{B4871B3F-35A6-4AF8-A7AA-38AF35B638FC}.Release|Any CPU.ActiveCfg = Release|Any CPU
		{B4871B3F-35A6-4AF8-A7AA-38AF35B638FC}.Release|Any CPU.Build.0 = Release|Any CPU
		{B4871B3F-35A6-4AF8-A7AA-38AF35B638FC}.Release|Any CPU.Deploy.0 = Release|Any CPU
		{B4871B3F-35A6-4AF8-A7AA-38AF35B638FC}.Release|ARM.ActiveCfg = Release|Any CPU
		{B4871B3F-35A6-4AF8-A7AA-38AF35B638FC}.Release|iPhone.ActiveCfg = Release|Any CPU
		{B4871B3F-35A6-4AF8-A7AA-38AF35B638FC}.Release|iPhoneSimulator.ActiveCfg = Release|Any CPU
		{B4871B3F-35A6-4AF8-A7AA-38AF35B638FC}.Release|Mixed Platforms.ActiveCfg = Release|Any CPU
		{B4871B3F-35A6-4AF8-A7AA-38AF35B638FC}.Release|Mixed Platforms.Build.0 = Release|Any CPU
		{B4871B3F-35A6-4AF8-A7AA-38AF35B638FC}.Release|Mixed Platforms.Deploy.0 = Release|Any CPU
		{B4871B3F-35A6-4AF8-A7AA-38AF35B638FC}.Release|x86.ActiveCfg = Release|Any CPU
		{6639F75A-4A24-4555-A8D5-EB0B5A07EC60}.AppStore|Any CPU.ActiveCfg = Release|iPhoneSimulator
		{6639F75A-4A24-4555-A8D5-EB0B5A07EC60}.AppStore|Any CPU.Build.0 = Release|iPhoneSimulator
		{6639F75A-4A24-4555-A8D5-EB0B5A07EC60}.AppStore|ARM.ActiveCfg = Release|iPhoneSimulator
		{6639F75A-4A24-4555-A8D5-EB0B5A07EC60}.AppStore|ARM.Build.0 = Release|iPhoneSimulator
		{6639F75A-4A24-4555-A8D5-EB0B5A07EC60}.AppStore|iPhone.ActiveCfg = Release|iPhone
		{6639F75A-4A24-4555-A8D5-EB0B5A07EC60}.AppStore|iPhone.Build.0 = Release|iPhone
		{6639F75A-4A24-4555-A8D5-EB0B5A07EC60}.AppStore|iPhoneSimulator.ActiveCfg = Release|iPhoneSimulator
		{6639F75A-4A24-4555-A8D5-EB0B5A07EC60}.AppStore|iPhoneSimulator.Build.0 = Release|iPhoneSimulator
		{6639F75A-4A24-4555-A8D5-EB0B5A07EC60}.AppStore|Mixed Platforms.ActiveCfg = Release|iPhoneSimulator
		{6639F75A-4A24-4555-A8D5-EB0B5A07EC60}.AppStore|Mixed Platforms.Build.0 = Release|iPhoneSimulator
		{6639F75A-4A24-4555-A8D5-EB0B5A07EC60}.AppStore|x86.ActiveCfg = Release|iPhoneSimulator
		{6639F75A-4A24-4555-A8D5-EB0B5A07EC60}.AppStore|x86.Build.0 = Release|iPhoneSimulator
		{6639F75A-4A24-4555-A8D5-EB0B5A07EC60}.Debug|Any CPU.ActiveCfg = Debug|iPhone
		{6639F75A-4A24-4555-A8D5-EB0B5A07EC60}.Debug|ARM.ActiveCfg = Debug|iPhone
		{6639F75A-4A24-4555-A8D5-EB0B5A07EC60}.Debug|iPhone.ActiveCfg = Debug|iPhone
		{6639F75A-4A24-4555-A8D5-EB0B5A07EC60}.Debug|iPhone.Build.0 = Debug|iPhone
		{6639F75A-4A24-4555-A8D5-EB0B5A07EC60}.Debug|iPhoneSimulator.ActiveCfg = Debug|iPhoneSimulator
		{6639F75A-4A24-4555-A8D5-EB0B5A07EC60}.Debug|iPhoneSimulator.Build.0 = Debug|iPhoneSimulator
		{6639F75A-4A24-4555-A8D5-EB0B5A07EC60}.Debug|Mixed Platforms.ActiveCfg = Debug|iPhone
		{6639F75A-4A24-4555-A8D5-EB0B5A07EC60}.Debug|Mixed Platforms.Build.0 = Debug|iPhone
		{6639F75A-4A24-4555-A8D5-EB0B5A07EC60}.Debug|x86.ActiveCfg = Debug|iPhone
		{6639F75A-4A24-4555-A8D5-EB0B5A07EC60}.Release|Any CPU.ActiveCfg = Release|iPhone
		{6639F75A-4A24-4555-A8D5-EB0B5A07EC60}.Release|ARM.ActiveCfg = Release|iPhone
		{6639F75A-4A24-4555-A8D5-EB0B5A07EC60}.Release|iPhone.ActiveCfg = Release|iPhone
		{6639F75A-4A24-4555-A8D5-EB0B5A07EC60}.Release|iPhone.Build.0 = Release|iPhone
		{6639F75A-4A24-4555-A8D5-EB0B5A07EC60}.Release|iPhoneSimulator.ActiveCfg = Release|iPhoneSimulator
		{6639F75A-4A24-4555-A8D5-EB0B5A07EC60}.Release|iPhoneSimulator.Build.0 = Release|iPhoneSimulator
		{6639F75A-4A24-4555-A8D5-EB0B5A07EC60}.Release|Mixed Platforms.ActiveCfg = Release|iPhone
		{6639F75A-4A24-4555-A8D5-EB0B5A07EC60}.Release|Mixed Platforms.Build.0 = Release|iPhone
		{6639F75A-4A24-4555-A8D5-EB0B5A07EC60}.Release|x86.ActiveCfg = Release|iPhone
		{5036746B-88AF-48F0-B38E-31F12466D94D}.AppStore|Any CPU.ActiveCfg = Release|Any CPU
		{5036746B-88AF-48F0-B38E-31F12466D94D}.AppStore|Any CPU.Build.0 = Release|Any CPU
		{5036746B-88AF-48F0-B38E-31F12466D94D}.AppStore|Any CPU.Deploy.0 = Release|Any CPU
		{5036746B-88AF-48F0-B38E-31F12466D94D}.AppStore|ARM.ActiveCfg = Release|ARM
		{5036746B-88AF-48F0-B38E-31F12466D94D}.AppStore|ARM.Build.0 = Release|ARM
		{5036746B-88AF-48F0-B38E-31F12466D94D}.AppStore|ARM.Deploy.0 = Release|ARM
		{5036746B-88AF-48F0-B38E-31F12466D94D}.AppStore|iPhone.ActiveCfg = Release|Any CPU
		{5036746B-88AF-48F0-B38E-31F12466D94D}.AppStore|iPhoneSimulator.ActiveCfg = Release|Any CPU
		{5036746B-88AF-48F0-B38E-31F12466D94D}.AppStore|Mixed Platforms.ActiveCfg = Release|x86
		{5036746B-88AF-48F0-B38E-31F12466D94D}.AppStore|Mixed Platforms.Build.0 = Release|x86
		{5036746B-88AF-48F0-B38E-31F12466D94D}.AppStore|Mixed Platforms.Deploy.0 = Release|x86
		{5036746B-88AF-48F0-B38E-31F12466D94D}.AppStore|x86.ActiveCfg = Release|x86
		{5036746B-88AF-48F0-B38E-31F12466D94D}.AppStore|x86.Build.0 = Release|x86
		{5036746B-88AF-48F0-B38E-31F12466D94D}.AppStore|x86.Deploy.0 = Release|x86
		{5036746B-88AF-48F0-B38E-31F12466D94D}.Debug|Any CPU.ActiveCfg = Debug|Any CPU
		{5036746B-88AF-48F0-B38E-31F12466D94D}.Debug|Any CPU.Build.0 = Debug|Any CPU
		{5036746B-88AF-48F0-B38E-31F12466D94D}.Debug|Any CPU.Deploy.0 = Debug|Any CPU
		{5036746B-88AF-48F0-B38E-31F12466D94D}.Debug|ARM.ActiveCfg = Debug|ARM
		{5036746B-88AF-48F0-B38E-31F12466D94D}.Debug|ARM.Build.0 = Debug|ARM
		{5036746B-88AF-48F0-B38E-31F12466D94D}.Debug|ARM.Deploy.0 = Debug|ARM
		{5036746B-88AF-48F0-B38E-31F12466D94D}.Debug|iPhone.ActiveCfg = Debug|Any CPU
		{5036746B-88AF-48F0-B38E-31F12466D94D}.Debug|iPhoneSimulator.ActiveCfg = Debug|Any CPU
		{5036746B-88AF-48F0-B38E-31F12466D94D}.Debug|Mixed Platforms.ActiveCfg = Debug|x86
		{5036746B-88AF-48F0-B38E-31F12466D94D}.Debug|Mixed Platforms.Build.0 = Debug|x86
		{5036746B-88AF-48F0-B38E-31F12466D94D}.Debug|Mixed Platforms.Deploy.0 = Debug|x86
		{5036746B-88AF-48F0-B38E-31F12466D94D}.Debug|x86.ActiveCfg = Debug|x86
		{5036746B-88AF-48F0-B38E-31F12466D94D}.Debug|x86.Build.0 = Debug|x86
		{5036746B-88AF-48F0-B38E-31F12466D94D}.Debug|x86.Deploy.0 = Debug|x86
		{5036746B-88AF-48F0-B38E-31F12466D94D}.Release|Any CPU.ActiveCfg = Release|Any CPU
		{5036746B-88AF-48F0-B38E-31F12466D94D}.Release|Any CPU.Build.0 = Release|Any CPU
		{5036746B-88AF-48F0-B38E-31F12466D94D}.Release|Any CPU.Deploy.0 = Release|Any CPU
		{5036746B-88AF-48F0-B38E-31F12466D94D}.Release|ARM.ActiveCfg = Release|ARM
		{5036746B-88AF-48F0-B38E-31F12466D94D}.Release|ARM.Build.0 = Release|ARM
		{5036746B-88AF-48F0-B38E-31F12466D94D}.Release|ARM.Deploy.0 = Release|ARM
		{5036746B-88AF-48F0-B38E-31F12466D94D}.Release|iPhone.ActiveCfg = Release|Any CPU
		{5036746B-88AF-48F0-B38E-31F12466D94D}.Release|iPhoneSimulator.ActiveCfg = Release|Any CPU
		{5036746B-88AF-48F0-B38E-31F12466D94D}.Release|Mixed Platforms.ActiveCfg = Release|x86
		{5036746B-88AF-48F0-B38E-31F12466D94D}.Release|Mixed Platforms.Build.0 = Release|x86
		{5036746B-88AF-48F0-B38E-31F12466D94D}.Release|Mixed Platforms.Deploy.0 = Release|x86
		{5036746B-88AF-48F0-B38E-31F12466D94D}.Release|x86.ActiveCfg = Release|x86
		{5036746B-88AF-48F0-B38E-31F12466D94D}.Release|x86.Build.0 = Release|x86
		{5036746B-88AF-48F0-B38E-31F12466D94D}.Release|x86.Deploy.0 = Release|x86
	EndGlobalSection
	GlobalSection(SolutionProperties) = preSolution
		HideSolutionNode = FALSE
	EndGlobalSection
EndGlobal
